<?xml version="1.0" encoding="utf-8"?>
<Project ToolsVersion="4.0" xmlns="http://schemas.microsoft.com/developer/msbuild/2003">
  <ItemGroup>
    <Filter Include="Source Files">
      <UniqueIdentifier>{4FC737F1-C7A5-4376-A066-2A32D752A2FF}</UniqueIdentifier>
      <Extensions>cpp;c;cc;cxx;def;odl;idl;hpj;bat;asm;asmx</Extensions>
    </Filter>
    <Filter Include="Header Files">
      <UniqueIdentifier>{93995380-89BD-4b04-88EB-625FBE52EBFB}</UniqueIdentifier>
      <Extensions>h;hh;hpp;hxx;hm;inl;inc;ipp;xsd</Extensions>
    </Filter>
    <Filter Include="Resource Files">
      <UniqueIdentifier>{67DA6AB6-F800-4c08-8B7A-83BB121AAD01}</UniqueIdentifier>
      <Extensions>rc;ico;cur;bmp;dlg;rc2;rct;bin;rgs;gif;jpg;jpeg;jpe;resx;tiff;tif;png;wav;mfcribbon-ms</Extensions>
    </Filter>
    <Filter Include="Header Files\Controllers">
      <UniqueIdentifier>{5dde3fe4-e96d-4b50-9e75-9ea6d31ffdbd}</UniqueIdentifier>
    </Filter>
    <Filter Include="Source Files\Controller">
      <UniqueIdentifier>{e9b47acf-7bbc-4ef5-b91d-7108302bceab}</UniqueIdentifier>
    </Filter>
    <Filter Include="Source Files\UseCase">
      <UniqueIdentifier>{60fea14e-7fcf-4d80-b5bc-c7c8b8b030e0}</UniqueIdentifier>
    </Filter>
    <Filter Include="Header Files\UseCase">
      <UniqueIdentifier>{d15338ae-8031-42e0-bd94-5a3a6a7e7d16}</UniqueIdentifier>
    </Filter>
    <Filter Include="Source Files\Tests">
      <UniqueIdentifier>{8d7d3796-e044-46b4-8c86-f5b69e4a2124}</UniqueIdentifier>
    </Filter>
  </ItemGroup>
  <ItemGroup>
    <ClInclude Include="pch.h">
      <Filter>Header Files</Filter>
    </ClInclude>
    <ClInclude Include="TemperatureController.h">
      <Filter>Header Files\Controllers</Filter>
    </ClInclude>
    <ClInclude Include="GetNumberClosestToZero.h">
      <Filter>Header Files\UseCase</Filter>
    </ClInclude>
  </ItemGroup>
  <ItemGroup>
    <ClCompile Include="pch.cpp">
      <Filter>Source Files</Filter>
    </ClCompile>
    <ClCompile Include="TestCase.cpp">
      <Filter>Source Files\Tests</Filter>
    </ClCompile>
    <ClCompile Include="TemperaturesTest.cpp">
      <Filter>Source Files\Tests</Filter>
    </ClCompile>
    <ClCompile Include="TemperatureController.cpp">
      <Filter>Source Files\Controller</Filter>
    </ClCompile>
    <ClCompile Include="GetNumberClosestToZero.cpp">
      <Filter>Source Files\UseCase</Filter>
    </ClCompile>
  </ItemGroup>
</Project>